
Microsoft Visual Studio Solution File, Format Version 12.00
# Visual Studio Version 16
VisualStudioVersion = 16.0.30002.166
MinimumVisualStudioVersion = 10.0.40219.1
Project("{FAE04EC0-301F-11D3-BF4B-00C04F79EFBC}") = "BethanysPieShop", "BethanysPieShop\BethanysPieShop.csproj", "{47ABC5E2-5CF1-4B50-B9EB-47C7874C5100}"
EndProject
Global
	GlobalSection(SolutionConfigurationPlatforms) = preSolution
		Debug|Any CPU = Debug|Any CPU
		Release|Any CPU = Release|Any CPU
	EndGlobalSection
	GlobalSection(ProjectConfigurationPlatforms) = postSolution
		{47ABC5E2-5CF1-4B50-B9EB-47C7874C5100}.Debug|Any CPU.ActiveCfg = Debug|Any CPU
		{47ABC5E2-5CF1-4B50-B9EB-47C7874C5100}.Debug|Any CPU.Build.0 = Debug|Any CPU
		{47ABC5E2-5CF1-4B50-B9EB-47C7874C5100}.Release|Any CPU.ActiveCfg = Release|Any CPU
		{47ABC5E2-5CF1-4B50-B9EB-47C7874C5100}.Release|Any CPU.Build.0 = Release|Any CPU
	EndGlobalSection
	GlobalSection(SolutionProperties) = preSolution
		HideSolutionNode = FALSE
	EndGlobalSection
	GlobalSection(ExtensibilityGlobals) = postSolution
		SolutionGuid = {549111FE-CB8C-47BC-A09E-A6C035C6C86B}
	EndGlobalSection
EndGlobal
